
Microsoft Visual Studio Solution File, Format Version 12.00
# Visual Studio Version 16
VisualStudioVersion = 16.0.31911.196
MinimumVisualStudioVersion = 10.0.40219.1
Project("{FAE04EC0-301F-11D3-BF4B-00C04F79EFBC}") = "UserManagementWithIdentity", "UserManagementWithIdentity\UserManagementWithIdentity.csproj", "{F06C38CA-23DC-4FE4-AFC2-D92F1368E8A5}"
EndProject
Global
	GlobalSection(SolutionConfigurationPlatforms) = preSolution
		Debug|Any CPU = Debug|Any CPU
		Release|Any CPU = Release|Any CPU
	EndGlobalSection
	GlobalSection(ProjectConfigurationPlatforms) = postSolution
		{F06C38CA-23DC-4FE4-AFC2-D92F1368E8A5}.Debug|Any CPU.ActiveCfg = Debug|Any CPU
		{F06C38CA-23DC-4FE4-AFC2-D92F1368E8A5}.Debug|Any CPU.Build.0 = Debug|Any CPU
		{F06C38CA-23DC-4FE4-AFC2-D92F1368E8A5}.Release|Any CPU.ActiveCfg = Release|Any CPU
		{F06C38CA-23DC-4FE4-AFC2-D92F1368E8A5}.Release|Any CPU.Build.0 = Release|Any CPU
	EndGlobalSection
	GlobalSection(SolutionProperties) = preSolution
		HideSolutionNode = FALSE
	EndGlobalSection
	GlobalSection(ExtensibilityGlobals) = postSolution
		SolutionGuid = {FC7B93C0-606A-4213-8BE4-6118687C1D2B}
	EndGlobalSection
EndGlobal
